
Microsoft Visual Studio Solution File, Format Version 12.00
# Visual Studio Version 16
VisualStudioVersion = 16.0.32802.440
MinimumVisualStudioVersion = 10.0.40219.1
Project("{FAE04EC0-301F-11D3-BF4B-00C04F79EFBC}") = "First", "First.csproj", "{5B47C26A-87AA-4365-860F-2F5B3F1372BB}"
EndProject
Global
	GlobalSection(SolutionConfigurationPlatforms) = preSolution
		Debug|Any CPU = Debug|Any CPU
		Release|Any CPU = Release|Any CPU
	EndGlobalSection
	GlobalSection(ProjectConfigurationPlatforms) = postSolution
		{5B47C26A-87AA-4365-860F-2F5B3F1372BB}.Debug|Any CPU.ActiveCfg = Debug|Any CPU
		{5B47C26A-87AA-4365-860F-2F5B3F1372BB}.Debug|Any CPU.Build.0 = Debug|Any CPU
		{5B47C26A-87AA-4365-860F-2F5B3F1372BB}.Release|Any CPU.ActiveCfg = Release|Any CPU
		{5B47C26A-87AA-4365-860F-2F5B3F1372BB}.Release|Any CPU.Build.0 = Release|Any CPU
	EndGlobalSection
	GlobalSection(SolutionProperties) = preSolution
		HideSolutionNode = FALSE
	EndGlobalSection
	GlobalSection(ExtensibilityGlobals) = postSolution
		SolutionGuid = {C521A12B-7210-4903-940B-0C7DDD2BEB17}
	EndGlobalSection
EndGlobal
